
Microsoft Visual Studio Solution File, Format Version 12.00
# Visual Studio Version 16
VisualStudioVersion = 16.0.30804.86
MinimumVisualStudioVersion = 10.0.40219.1
Project("{FAE04EC0-301F-11D3-BF4B-00C04F79EFBC}") = "ListeZad7", "ListeZad7\ListeZad7.csproj", "{EF4EBA6B-05B6-4032-BB29-19F50042F561}"
EndProject
Global
	GlobalSection(SolutionConfigurationPlatforms) = preSolution
		Debug|Any CPU = Debug|Any CPU
		Release|Any CPU = Release|Any CPU
	EndGlobalSection
	GlobalSection(ProjectConfigurationPlatforms) = postSolution
		{EF4EBA6B-05B6-4032-BB29-19F50042F561}.Debug|Any CPU.ActiveCfg = Debug|Any CPU
		{EF4EBA6B-05B6-4032-BB29-19F50042F561}.Debug|Any CPU.Build.0 = Debug|Any CPU
		{EF4EBA6B-05B6-4032-BB29-19F50042F561}.Release|Any CPU.ActiveCfg = Release|Any CPU
		{EF4EBA6B-05B6-4032-BB29-19F50042F561}.Release|Any CPU.Build.0 = Release|Any CPU
	EndGlobalSection
	GlobalSection(SolutionProperties) = preSolution
		HideSolutionNode = FALSE
	EndGlobalSection
	GlobalSection(ExtensibilityGlobals) = postSolution
		SolutionGuid = {41859E30-AFEC-4B3A-A8C1-D867A73D3A22}
	EndGlobalSection
EndGlobal
